// !$*UTF8*$!
{
	archiveVersion = 1;
	classes = {
	};
	objectVersion = 51;
	objects = {

/* Begin PBXBuildFile section */
		10CE7731B9B8569E873AE3DB /* Pods_FindFriends.framework in Frameworks */ = {isa = PBXBuildFile; fileRef = D8761ADD2BBFB328C96907AB /* Pods_FindFriends.framework */; };
		C5750DDA244F35EC00598112 /* AppDelegate.swift in Sources */ = {isa = PBXBuildFile; fileRef = C5750DD9244F35EC00598112 /* AppDelegate.swift */; };
		C5750DDC244F35EC00598112 /* SceneDelegate.swift in Sources */ = {isa = PBXBuildFile; fileRef = C5750DDB244F35EC00598112 /* SceneDelegate.swift */; };
		C5750DE1244F35EC00598112 /* Main.storyboard in Resources */ = {isa = PBXBuildFile; fileRef = C5750DDF244F35EC00598112 /* Main.storyboard */; };
		C5750DE3244F35F300598112 /* Assets.xcassets in Resources */ = {isa = PBXBuildFile; fileRef = C5750DE2244F35F300598112 /* Assets.xcassets */; };
		C5750DE6244F35F300598112 /* LaunchScreen.storyboard in Resources */ = {isa = PBXBuildFile; fileRef = C5750DE4244F35F300598112 /* LaunchScreen.storyboard */; };
		C5750DEE244F390400598112 /* GoogleService-Info.plist in Resources */ = {isa = PBXBuildFile; fileRef = C5750DED244F390400598112 /* GoogleService-Info.plist */; };
		C5750DF0244F402400598112 /* SignUpViewController.swift in Sources */ = {isa = PBXBuildFile; fileRef = C5750DEF244F402400598112 /* SignUpViewController.swift */; };
		C5750DF2244F5E8000598112 /* LogInViewController.swift in Sources */ = {isa = PBXBuildFile; fileRef = C5750DF1244F5E8000598112 /* LogInViewController.swift */; };
		C5750DF4244F5EC900598112 /* StartViewController.swift in Sources */ = {isa = PBXBuildFile; fileRef = C5750DF3244F5EC900598112 /* StartViewController.swift */; };
		C5750DF6244F5F3600598112 /* HomeViewController.swift in Sources */ = {isa = PBXBuildFile; fileRef = C5750DF5244F5F3600598112 /* HomeViewController.swift */; };
		C5750DF8244F963000598112 /* TabBarController.swift in Sources */ = {isa = PBXBuildFile; fileRef = C5750DF7244F962F00598112 /* TabBarController.swift */; };
		C5750DFA244FDE4100598112 /* FriendsTableViewController.swift in Sources */ = {isa = PBXBuildFile; fileRef = C5750DF9244FDE4000598112 /* FriendsTableViewController.swift */; };
		C5750DFD2450882D00598112 /* FriendSystem.swift in Sources */ = {isa = PBXBuildFile; fileRef = C5750DFC2450882D00598112 /* FriendSystem.swift */; };
		C5750DFF2450966700598112 /* User.swift in Sources */ = {isa = PBXBuildFile; fileRef = C5750DFE2450966700598112 /* User.swift */; };
		C5750E0124509C9700598112 /* Error.swift in Sources */ = {isa = PBXBuildFile; fileRef = C5750E0024509C9700598112 /* Error.swift */; };
		C5750E052450A19800598112 /* UsersTableViewController.swift in Sources */ = {isa = PBXBuildFile; fileRef = C5750E042450A19800598112 /* UsersTableViewController.swift */; };
		C5750E072450A1A400598112 /* RequestsTableViewController.swift in Sources */ = {isa = PBXBuildFile; fileRef = C5750E062450A1A400598112 /* RequestsTableViewController.swift */; };
/* End PBXBuildFile section */

/* Begin PBXFileReference section */
		193E746F9A32B27C02277ABA /* Pods-FindFriends.release.xcconfig */ = {isa = PBXFileReference; includeInIndex = 1; lastKnownFileType = text.xcconfig; name = "Pods-FindFriends.release.xcconfig"; path = "Target Support Files/Pods-FindFriends/Pods-FindFriends.release.xcconfig"; sourceTree = "<group>"; };
		575DCD777BD963D666F5450E /* Pods-FindFriends.debug.xcconfig */ = {isa = PBXFileReference; includeInIndex = 1; lastKnownFileType = text.xcconfig; name = "Pods-FindFriends.debug.xcconfig"; path = "Target Support Files/Pods-FindFriends/Pods-FindFriends.debug.xcconfig"; sourceTree = "<group>"; };
		C5750DD6244F35EC00598112 /* FindFriends.app */ = {isa = PBXFileReference; explicitFileType = wrapper.application; includeInIndex = 0; path = FindFriends.app; sourceTree = BUILT_PRODUCTS_DIR; };
		C5750DD9244F35EC00598112 /* AppDelegate.swift */ = {isa = PBXFileReference; lastKnownFileType = sourcecode.swift; path = AppDelegate.swift; sourceTree = "<group>"; };
		C5750DDB244F35EC00598112 /* SceneDelegate.swift */ = {isa = PBXFileReference; lastKnownFileType = sourcecode.swift; path = SceneDelegate.swift; sourceTree = "<group>"; };
		C5750DE0244F35EC00598112 /* Base */ = {isa = PBXFileReference; lastKnownFileType = file.storyboard; name = Base; path = Base.lproj/Main.storyboard; sourceTree = "<group>"; };
		C5750DE2244F35F300598112 /* Assets.xcassets */ = {isa = PBXFileReference; lastKnownFileType = folder.assetcatalog; path = Assets.xcassets; sourceTree = "<group>"; };
		C5750DE5244F35F300598112 /* Base */ = {isa = PBXFileReference; lastKnownFileType = file.storyboard; name = Base; path = Base.lproj/LaunchScreen.storyboard; sourceTree = "<group>"; };
		C5750DE7244F35F300598112 /* Info.plist */ = {isa = PBXFileReference; lastKnownFileType = text.plist.xml; path = Info.plist; sourceTree = "<group>"; };
		C5750DED244F390400598112 /* GoogleService-Info.plist */ = {isa = PBXFileReference; fileEncoding = 4; lastKnownFileType = text.plist.xml; path = "GoogleService-Info.plist"; sourceTree = "<group>"; };
		C5750DEF244F402400598112 /* SignUpViewController.swift */ = {isa = PBXFileReference; lastKnownFileType = sourcecode.swift; path = SignUpViewController.swift; sourceTree = "<group>"; };
		C5750DF1244F5E8000598112 /* LogInViewController.swift */ = {isa = PBXFileReference; lastKnownFileType = sourcecode.swift; path = LogInViewController.swift; sourceTree = "<group>"; };
		C5750DF3244F5EC900598112 /* StartViewController.swift */ = {isa = PBXFileReference; lastKnownFileType = sourcecode.swift; path = StartViewController.swift; sourceTree = "<group>"; };
		C5750DF5244F5F3600598112 /* HomeViewController.swift */ = {isa = PBXFileReference; lastKnownFileType = sourcecode.swift; path = HomeViewController.swift; sourceTree = "<group>"; };
		C5750DF7244F962F00598112 /* TabBarController.swift */ = {isa = PBXFileReference; lastKnownFileType = sourcecode.swift; path = TabBarController.swift; sourceTree = "<group>"; };
		C5750DF9244FDE4000598112 /* FriendsTableViewController.swift */ = {isa = PBXFileReference; lastKnownFileType = sourcecode.swift; path = FriendsTableViewController.swift; sourceTree = "<group>"; };
		C5750DFC2450882D00598112 /* FriendSystem.swift */ = {isa = PBXFileReference; lastKnownFileType = sourcecode.swift; path = FriendSystem.swift; sourceTree = "<group>"; };
		C5750DFE2450966700598112 /* User.swift */ = {isa = PBXFileReference; lastKnownFileType = sourcecode.swift; path = User.swift; sourceTree = "<group>"; };
		C5750E0024509C9700598112 /* Error.swift */ = {isa = PBXFileReference; lastKnownFileType = sourcecode.swift; path = Error.swift; sourceTree = "<group>"; };
		C5750E042450A19800598112 /* UsersTableViewController.swift */ = {isa = PBXFileReference; lastKnownFileType = sourcecode.swift; path = UsersTableViewController.swift; sourceTree = "<group>"; };
		C5750E062450A1A400598112 /* RequestsTableViewController.swift */ = {isa = PBXFileReference; lastKnownFileType = sourcecode.swift; path = RequestsTableViewController.swift; sourceTree = "<group>"; };
		D8761ADD2BBFB328C96907AB /* Pods_FindFriends.framework */ = {isa = PBXFileReference; explicitFileType = wrapper.framework; includeInIndex = 0; path = Pods_FindFriends.framework; sourceTree = BUILT_PRODUCTS_DIR; };
/* End PBXFileReference section */

/* Begin PBXFrameworksBuildPhase section */
		C5750DD3244F35EC00598112 /* Frameworks */ = {
			isa = PBXFrameworksBuildPhase;
			buildActionMask = 2147483647;
			files = (
				10CE7731B9B8569E873AE3DB /* Pods_FindFriends.framework in Frameworks */,
			);
			runOnlyForDeploymentPostprocessing = 0;
		};
/* End PBXFrameworksBuildPhase section */

/* Begin PBXGroup section */
		686F17DFD3B8FB11BA9D3396 /* Pods */ = {
			isa = PBXGroup;
			children = (
				575DCD777BD963D666F5450E /* Pods-FindFriends.debug.xcconfig */,
				193E746F9A32B27C02277ABA /* Pods-FindFriends.release.xcconfig */,
			);
			path = Pods;
			sourceTree = "<group>";
		};
		C5750DCD244F35EC00598112 = {
			isa = PBXGroup;
			children = (
				C5750DD8244F35EC00598112 /* FindFriends */,
				C5750DD7244F35EC00598112 /* Products */,
				686F17DFD3B8FB11BA9D3396 /* Pods */,
				CCD06C57F7FACA76B37AEEB3 /* Frameworks */,
			);
			sourceTree = "<group>";
		};
		C5750DD7244F35EC00598112 /* Products */ = {
			isa = PBXGroup;
			children = (
				C5750DD6244F35EC00598112 /* FindFriends.app */,
			);
			name = Products;
			sourceTree = "<group>";
		};
		C5750DD8244F35EC00598112 /* FindFriends */ = {
			isa = PBXGroup;
			children = (
				C5750DD9244F35EC00598112 /* AppDelegate.swift */,
				C5750DED244F390400598112 /* GoogleService-Info.plist */,
				C5750DDB244F35EC00598112 /* SceneDelegate.swift */,
				C5750DFC2450882D00598112 /* FriendSystem.swift */,
				C5750DFE2450966700598112 /* User.swift */,
				C5750E0024509C9700598112 /* Error.swift */,
				C5750DFB244FDECB00598112 /* New Group */,
				C5750DF5244F5F3600598112 /* HomeViewController.swift */,
				C5750DF9244FDE4000598112 /* FriendsTableViewController.swift */,
				C5750E042450A19800598112 /* UsersTableViewController.swift */,
				C5750E062450A1A400598112 /* RequestsTableViewController.swift */,
				C5750DDF244F35EC00598112 /* Main.storyboard */,
				C5750DF7244F962F00598112 /* TabBarController.swift */,
				C5750DE2244F35F300598112 /* Assets.xcassets */,
				C5750DE4244F35F300598112 /* LaunchScreen.storyboard */,
				C5750DE7244F35F300598112 /* Info.plist */,
			);
			path = FindFriends;
			sourceTree = "<group>";
		};
		C5750DFB244FDECB00598112 /* New Group */ = {
			isa = PBXGroup;
			children = (
				C5750DEF244F402400598112 /* SignUpViewController.swift */,
				C5750DF1244F5E8000598112 /* LogInViewController.swift */,
				C5750DF3244F5EC900598112 /* StartViewController.swift */,
			);
			path = "New Group";
			sourceTree = "<group>";
		};
		CCD06C57F7FACA76B37AEEB3 /* Frameworks */ = {
			isa = PBXGroup;
			children = (
				D8761ADD2BBFB328C96907AB /* Pods_FindFriends.framework */,
			);
			name = Frameworks;
			sourceTree = "<group>";
		};
/* End PBXGroup section */

/* Begin PBXNativeTarget section */
		C5750DD5244F35EC00598112 /* FindFriends */ = {
			isa = PBXNativeTarget;
			buildConfigurationList = C5750DEA244F35F300598112 /* Build configuration list for PBXNativeTarget "FindFriends" */;
			buildPhases = (
				BB0157188B9FD91FE61FAD7F /* [CP] Check Pods Manifest.lock */,
				C5750DD2244F35EC00598112 /* Sources */,
				C5750DD3244F35EC00598112 /* Frameworks */,
				C5750DD4244F35EC00598112 /* Resources */,
				186768DF35CD2B2ECCA8BB34 /* [CP] Embed Pods Frameworks */,
			);
			buildRules = (
			);
			dependencies = (
			);
			name = FindFriends;
			productName = FindFriends;
			productReference = C5750DD6244F35EC00598112 /* FindFriends.app */;
			productType = "com.apple.product-type.application";
		};
/* End PBXNativeTarget section */

/* Begin PBXProject section */
		C5750DCE244F35EC00598112 /* Project object */ = {
			isa = PBXProject;
			attributes = {
				LastSwiftUpdateCheck = 1140;
				LastUpgradeCheck = 1140;
				ORGANIZATIONNAME = "Jordan Furr";
				TargetAttributes = {
					C5750DD5244F35EC00598112 = {
						CreatedOnToolsVersion = 11.4;
					};
				};
			};
			buildConfigurationList = C5750DD1244F35EC00598112 /* Build configuration list for PBXProject "FindFriends" */;
			compatibilityVersion = "Xcode 9.3";
			developmentRegion = en;
			hasScannedForEncodings = 0;
			knownRegions = (
				en,
				Base,
			);
			mainGroup = C5750DCD244F35EC00598112;
			productRefGroup = C5750DD7244F35EC00598112 /* Products */;
			projectDirPath = "";
			projectRoot = "";
			targets = (
				C5750DD5244F35EC00598112 /* FindFriends */,
			);
		};
/* End PBXProject section */

/* Begin PBXResourcesBuildPhase section */
		C5750DD4244F35EC00598112 /* Resources */ = {
			isa = PBXResourcesBuildPhase;
			buildActionMask = 2147483647;
			files = (
				C5750DE6244F35F300598112 /* LaunchScreen.storyboard in Resources */,
				C5750DEE244F390400598112 /* GoogleService-Info.plist in Resources */,
				C5750DE3244F35F300598112 /* Assets.xcassets in Resources */,
				C5750DE1244F35EC00598112 /* Main.storyboard in Resources */,
			);
			runOnlyForDeploymentPostprocessing = 0;
		};
/* End PBXResourcesBuildPhase section */

/* Begin PBXShellScriptBuildPhase section */
		186768DF35CD2B2ECCA8BB34 /* [CP] Embed Pods Frameworks */ = {
			isa = PBXShellScriptBuildPhase;
			buildActionMask = 2147483647;
			files = (
			);
			inputFileListPaths = (
				"${PODS_ROOT}/Target Support Files/Pods-FindFriends/Pods-FindFriends-frameworks-${CONFIGURATION}-input-files.xcfilelist",
			);
			name = "[CP] Embed Pods Frameworks";
			outputFileListPaths = (
				"${PODS_ROOT}/Target Support Files/Pods-FindFriends/Pods-FindFriends-frameworks-${CONFIGURATION}-output-files.xcfilelist",
			);
			runOnlyForDeploymentPostprocessing = 0;
			shellPath = /bin/sh;
			shellScript = "\"${PODS_ROOT}/Target Support Files/Pods-FindFriends/Pods-FindFriends-frameworks.sh\"\n";
			showEnvVarsInLog = 0;
		};
		BB0157188B9FD91FE61FAD7F /* [CP] Check Pods Manifest.lock */ = {
			isa = PBXShellScriptBuildPhase;
			buildActionMask = 2147483647;
			files = (
			);
			inputFileListPaths = (
			);
			inputPaths = (
				"${PODS_PODFILE_DIR_PATH}/Podfile.lock",
				"${PODS_ROOT}/Manifest.lock",
			);
			name = "[CP] Check Pods Manifest.lock";
			outputFileListPaths = (
			);
			outputPaths = (
				"$(DERIVED_FILE_DIR)/Pods-FindFriends-checkManifestLockResult.txt",
			);
			runOnlyForDeploymentPostprocessing = 0;
			shellPath = /bin/sh;
			shellScript = "diff \"${PODS_PODFILE_DIR_PATH}/Podfile.lock\" \"${PODS_ROOT}/Manifest.lock\" > /dev/null\nif [ $? != 0 ] ; then\n    # print error to STDERR\n    echo \"error: The sandbox is not in sync with the Podfile.lock. Run 'pod install' or update your CocoaPods installation.\" >&2\n    exit 1\nfi\n# This output is used by Xcode 'outputs' to avoid re-running this script phase.\necho \"SUCCESS\" > \"${SCRIPT_OUTPUT_FILE_0}\"\n";
			showEnvVarsInLog = 0;
		};
/* End PBXShellScriptBuildPhase section */

/* Begin PBXSourcesBuildPhase section */
		C5750DD2244F35EC00598112 /* Sources */ = {
			isa = PBXSourcesBuildPhase;
			buildActionMask = 2147483647;
			files = (
				C5750DF4244F5EC900598112 /* StartViewController.swift in Sources */,
				C5750DF2244F5E8000598112 /* LogInViewController.swift in Sources */,
				C5750E052450A19800598112 /* UsersTableViewController.swift in Sources */,
				C5750DFA244FDE4100598112 /* FriendsTableViewController.swift in Sources */,
				C5750E0124509C9700598112 /* Error.swift in Sources */,
				C5750DDA244F35EC00598112 /* AppDelegate.swift in Sources */,
				C5750DF0244F402400598112 /* SignUpViewController.swift in Sources */,
				C5750DF8244F963000598112 /* TabBarController.swift in Sources */,
				C5750DDC244F35EC00598112 /* SceneDelegate.swift in Sources */,
				C5750DFD2450882D00598112 /* FriendSystem.swift in Sources */,
				C5750E072450A1A400598112 /* RequestsTableViewController.swift in Sources */,
				C5750DFF2450966700598112 /* User.swift in Sources */,
				C5750DF6244F5F3600598112 /* HomeViewController.swift in Sources */,
			);
			runOnlyForDeploymentPostprocessing = 0;
		};
/* End PBXSourcesBuildPhase section */

/* Begin PBXVariantGroup section */
		C5750DDF244F35EC00598112 /* Main.storyboard */ = {
			isa = PBXVariantGroup;
			children = (
				C5750DE0244F35EC00598112 /* Base */,
			);
			name = Main.storyboard;
			sourceTree = "<group>";
		};
		C5750DE4244F35F300598112 /* LaunchScreen.storyboard */ = {
			isa = PBXVariantGroup;
			children = (
				C5750DE5244F35F300598112 /* Base */,
			);
			name = LaunchScreen.storyboard;
			sourceTree = "<group>";
		};
/* End PBXVariantGroup section */

/* Begin XCBuildConfiguration section */
		C5750DE8244F35F300598112 /* Debug */ = {
			isa = XCBuildConfiguration;
			buildSettings = {
				ALWAYS_SEARCH_USER_PATHS = NO;
				CLANG_ANALYZER_NONNULL = YES;
				CLANG_ANALYZER_NUMBER_OBJECT_CONVERSION = YES_AGGRESSIVE;
				CLANG_CXX_LANGUAGE_STANDARD = "gnu++14";
				CLANG_CXX_LIBRARY = "libc++";
				CLANG_ENABLE_MODULES = YES;
				CLANG_ENABLE_OBJC_ARC = YES;
				CLANG_ENABLE_OBJC_WEAK = YES;
				CLANG_WARN_BLOCK_CAPTURE_AUTORELEASING = YES;
				CLANG_WARN_BOOL_CONVERSION = YES;
				CLANG_WARN_COMMA = YES;
				CLANG_WARN_CONSTANT_CONVERSION = YES;
				CLANG_WARN_DEPRECATED_OBJC_IMPLEMENTATIONS = YES;
				CLANG_WARN_DIRECT_OBJC_ISA_USAGE = YES_ERROR;
				CLANG_WARN_DOCUMENTATION_COMMENTS = YES;
				CLANG_WARN_EMPTY_BODY = YES;
				CLANG_WARN_ENUM_CONVERSION = YES;
				CLANG_WARN_INFINITE_RECURSION = YES;
				CLANG_WARN_INT_CONVERSION = YES;
				CLANG_WARN_NON_LITERAL_NULL_CONVERSION = YES;
				CLANG_WARN_OBJC_IMPLICIT_RETAIN_SELF = YES;
				CLANG_WARN_OBJC_LITERAL_CONVERSION = YES;
				CLANG_WARN_OBJC_ROOT_CLASS = YES_ERROR;
				CLANG_WARN_RANGE_LOOP_ANALYSIS = YES;
				CLANG_WARN_STRICT_PROTOTYPES = YES;
				CLANG_WARN_SUSPICIOUS_MOVE = YES;
				CLANG_WARN_UNGUARDED_AVAILABILITY = YES_AGGRESSIVE;
				CLANG_WARN_UNREACHABLE_CODE = YES;
				CLANG_WARN__DUPLICATE_METHOD_MATCH = YES;
				COPY_PHASE_STRIP = NO;
				DEBUG_INFORMATION_FORMAT = dwarf;
				ENABLE_STRICT_OBJC_MSGSEND = YES;
				ENABLE_TESTABILITY = YES;
				GCC_C_LANGUAGE_STANDARD = gnu11;
				GCC_DYNAMIC_NO_PIC = NO;
				GCC_NO_COMMON_BLOCKS = YES;
				GCC_OPTIMIZATION_LEVEL = 0;
				GCC_PREPROCESSOR_DEFINITIONS = (
					"DEBUG=1",
					"$(inherited)",
				);
				GCC_WARN_64_TO_32_BIT_CONVERSION = YES;
				GCC_WARN_ABOUT_RETURN_TYPE = YES_ERROR;
				GCC_WARN_UNDECLARED_SELECTOR = YES;
				GCC_WARN_UNINITIALIZED_AUTOS = YES_AGGRESSIVE;
				GCC_WARN_UNUSED_FUNCTION = YES;
				GCC_WARN_UNUSED_VARIABLE = YES;
				IPHONEOS_DEPLOYMENT_TARGET = 13.4;
				MTL_ENABLE_DEBUG_INFO = INCLUDE_SOURCE;
				MTL_FAST_MATH = YES;
				ONLY_ACTIVE_ARCH = YES;
				SDKROOT = iphoneos;
				SWIFT_ACTIVE_COMPILATION_CONDITIONS = DEBUG;
				SWIFT_OPTIMIZATION_LEVEL = "-Onone";
			};
			name = Debug;
		};
		C5750DE9244F35F300598112 /* Release */ = {
			isa = XCBuildConfiguration;
			buildSettings = {
				ALWAYS_SEARCH_USER_PATHS = NO;
				CLANG_ANALYZER_NONNULL = YES;
				CLANG_ANALYZER_NUMBER_OBJECT_CONVERSION = YES_AGGRESSIVE;
				CLANG_CXX_LANGUAGE_STANDARD = "gnu++14";
				CLANG_CXX_LIBRARY = "libc++";
				CLANG_ENABLE_MODULES = YES;
				CLANG_ENABLE_OBJC_ARC = YES;
				CLANG_ENABLE_OBJC_WEAK = YES;
				CLANG_WARN_BLOCK_CAPTURE_AUTORELEASING = YES;
				CLANG_WARN_BOOL_CONVERSION = YES;
				CLANG_WARN_COMMA = YES;
				CLANG_WARN_CONSTANT_CONVERSION = YES;
				CLANG_WARN_DEPRECATED_OBJC_IMPLEMENTATIONS = YES;
				CLANG_WARN_DIRECT_OBJC_ISA_USAGE = YES_ERROR;
				CLANG_WARN_DOCUMENTATION_COMMENTS = YES;
				CLANG_WARN_EMPTY_BODY = YES;
				CLANG_WARN_ENUM_CONVERSION = YES;
				CLANG_WARN_INFINITE_RECURSION = YES;
				CLANG_WARN_INT_CONVERSION = YES;
				CLANG_WARN_NON_LITERAL_NULL_CONVERSION = YES;
				CLANG_WARN_OBJC_IMPLICIT_RETAIN_SELF = YES;
				CLANG_WARN_OBJC_LITERAL_CONVERSION = YES;
				CLANG_WARN_OBJC_ROOT_CLASS = YES_ERROR;
				CLANG_WARN_RANGE_LOOP_ANALYSIS = YES;
				CLANG_WARN_STRICT_PROTOTYPES = YES;
				CLANG_WARN_SUSPICIOUS_MOVE = YES;
				CLANG_WARN_UNGUARDED_AVAILABILITY = YES_AGGRESSIVE;
				CLANG_WARN_UNREACHABLE_CODE = YES;
				CLANG_WARN__DUPLICATE_METHOD_MATCH = YES;
				COPY_PHASE_STRIP = NO;
				DEBUG_INFORMATION_FORMAT = "dwarf-with-dsym";
				ENABLE_NS_ASSERTIONS = NO;
				ENABLE_STRICT_OBJC_MSGSEND = YES;
				GCC_C_LANGUAGE_STANDARD = gnu11;
				GCC_NO_COMMON_BLOCKS = YES;
				GCC_WARN_64_TO_32_BIT_CONVERSION = YES;
				GCC_WARN_ABOUT_RETURN_TYPE = YES_ERROR;
				GCC_WARN_UNDECLARED_SELECTOR = YES;
				GCC_WARN_UNINITIALIZED_AUTOS = YES_AGGRESSIVE;
				GCC_WARN_UNUSED_FUNCTION = YES;
				GCC_WARN_UNUSED_VARIABLE = YES;
				IPHONEOS_DEPLOYMENT_TARGET = 13.4;
				MTL_ENABLE_DEBUG_INFO = NO;
				MTL_FAST_MATH = YES;
				SDKROOT = iphoneos;
				SWIFT_COMPILATION_MODE = wholemodule;
				SWIFT_OPTIMIZATION_LEVEL = "-O";
				VALIDATE_PRODUCT = YES;
			};
			name = Release;
		};
		C5750DEB244F35F300598112 /* Debug */ = {
			isa = XCBuildConfiguration;
			baseConfigurationReference = 575DCD777BD963D666F5450E /* Pods-FindFriends.debug.xcconfig */;
			buildSettings = {
				ASSETCATALOG_COMPILER_APPICON_NAME = AppIcon;
				CODE_SIGN_STYLE = Automatic;
				DEVELOPMENT_TEAM = 7V2Q4X6DAJ;
				INFOPLIST_FILE = FindFriends/Info.plist;
				IPHONEOS_DEPLOYMENT_TARGET = 13.1;
				LD_RUNPATH_SEARCH_PATHS = (
					"$(inherited)",
					"@executable_path/Frameworks",
				);
				PRODUCT_BUNDLE_IDENTIFIER = com.jordanfurr.FindFriends;
				PRODUCT_NAME = "$(TARGET_NAME)";
				SWIFT_VERSION = 5.0;
				TARGETED_DEVICE_FAMILY = "1,2";
			};
			name = Debug;
		};
		C5750DEC244F35F300598112 /* Release */ = {
			isa = XCBuildConfiguration;
			baseConfigurationReference = 193E746F9A32B27C02277ABA /* Pods-FindFriends.release.xcconfig */;
			buildSettings = {
				ASSETCATALOG_COMPILER_APPICON_NAME = AppIcon;
				CODE_SIGN_STYLE = Automatic;
				DEVELOPMENT_TEAM = 7V2Q4X6DAJ;
				INFOPLIST_FILE = FindFriends/Info.plist;
				IPHONEOS_DEPLOYMENT_TARGET = 13.1;
				LD_RUNPATH_SEARCH_PATHS = (
					"$(inherited)",
					"@executable_path/Frameworks",
				);
				PRODUCT_BUNDLE_IDENTIFIER = com.jordanfurr.FindFriends;
				PRODUCT_NAME = "$(TARGET_NAME)";
				SWIFT_VERSION = 5.0;
				TARGETED_DEVICE_FAMILY = "1,2";
			};
			name = Release;
		};
/* End XCBuildConfiguration section */

/* Begin XCConfigurationList section */
		C5750DD1244F35EC00598112 /* Build configuration list for PBXProject "FindFriends" */ = {
			isa = XCConfigurationList;
			buildConfigurations = (
				C5750DE8244F35F300598112 /* Debug */,
				C5750DE9244F35F300598112 /* Release */,
			);
			defaultConfigurationIsVisible = 0;
			defaultConfigurationName = Release;
		};
		C5750DEA244F35F300598112 /* Build configuration list for PBXNativeTarget "FindFriends" */ = {
			isa = XCConfigurationList;
			buildConfigurations = (
				C5750DEB244F35F300598112 /* Debug */,
				C5750DEC244F35F300598112 /* Release */,
			);
			defaultConfigurationIsVisible = 0;
			defaultConfigurationName = Release;
		};
/* End XCConfigurationList section */
	};
	rootObject = C5750DCE244F35EC00598112 /* Project object */;
}
